
Microsoft Visual Studio Solution File, Format Version 12.00
# Visual Studio 14
VisualStudioVersion = 14.0.25420.1
MinimumVisualStudioVersion = 10.0.40219.1
Project("{FAE04EC0-301F-11D3-BF4B-00C04F79EFBC}") = "TestRepo", "TestRepo\TestRepo.csproj", "{B968A252-5579-480C-B28B-03AD9D5D9C03}"
EndProject
Global
	GlobalSection(SolutionConfigurationPlatforms) = preSolution
		Debug|Any CPU = Debug|Any CPU
		Release|Any CPU = Release|Any CPU
	EndGlobalSection
	GlobalSection(ProjectConfigurationPlatforms) = postSolution
		{B968A252-5579-480C-B28B-03AD9D5D9C03}.Debug|Any CPU.ActiveCfg = Debug|Any CPU
		{B968A252-5579-480C-B28B-03AD9D5D9C03}.Debug|Any CPU.Build.0 = Debug|Any CPU
		{B968A252-5579-480C-B28B-03AD9D5D9C03}.Release|Any CPU.ActiveCfg = Release|Any CPU
		{B968A252-5579-480C-B28B-03AD9D5D9C03}.Release|Any CPU.Build.0 = Release|Any CPU
	EndGlobalSection
	GlobalSection(SolutionProperties) = preSolution
		HideSolutionNode = FALSE
	EndGlobalSection
EndGlobal
